// !$*UTF8*$!
{
	archiveVersion = 1;
	classes = {
	};
	objectVersion = 46;
	objects = {

/* Begin PBXBuildFile section */
		011A29641664F0DB003D75C0 /* UIKit.framework in Frameworks */ = {isa = PBXBuildFile; fileRef = 011A29631664F0DB003D75C0 /* UIKit.framework */; };
		011A29661664F0DB003D75C0 /* Foundation.framework in Frameworks */ = {isa = PBXBuildFile; fileRef = 011A29651664F0DB003D75C0 /* Foundation.framework */; };
		011A29681664F0DB003D75C0 /* CoreGraphics.framework in Frameworks */ = {isa = PBXBuildFile; fileRef = 011A29671664F0DB003D75C0 /* CoreGraphics.framework */; };
		011A296E1664F0DB003D75C0 /* InfoPlist.strings in Resources */ = {isa = PBXBuildFile; fileRef = 011A296C1664F0DB003D75C0 /* InfoPlist.strings */; };
		011A29701664F0DB003D75C0 /* main.m in Sources */ = {isa = PBXBuildFile; fileRef = 011A296F1664F0DB003D75C0 /* main.m */; };
		011A29741664F0DB003D75C0 /* AppDelegate.m in Sources */ = {isa = PBXBuildFile; fileRef = 011A29731664F0DB003D75C0 /* AppDelegate.m */; };
		011A29761664F0DB003D75C0 /* Default.png in Resources */ = {isa = PBXBuildFile; fileRef = 011A29751664F0DB003D75C0 /* Default.png */; };
		011A29781664F0DB003D75C0 /* Default@2x.png in Resources */ = {isa = PBXBuildFile; fileRef = 011A29771664F0DB003D75C0 /* Default@2x.png */; };
		011A297A1664F0DB003D75C0 /* Default-568h@2x.png in Resources */ = {isa = PBXBuildFile; fileRef = 011A29791664F0DB003D75C0 /* Default-568h@2x.png */; };
		011A29901664F2A8003D75C0 /* TabBarController.xib in Resources */ = {isa = PBXBuildFile; fileRef = 011A298F1664F2A8003D75C0 /* TabBarController.xib */; };
		019B323416689F7B00C9B599 /* crunch.wav in Resources */ = {isa = PBXBuildFile; fileRef = 019B323216689F7B00C9B599 /* crunch.wav */; };
		019B323516689F7B00C9B599 /* win.wav in Resources */ = {isa = PBXBuildFile; fileRef = 019B323316689F7B00C9B599 /* win.wav */; };
		019B32381668A82500C9B599 /* AudioToolbox.framework in Frameworks */ = {isa = PBXBuildFile; fileRef = 019B32371668A82500C9B599 /* AudioToolbox.framework */; };
		019F7EC41667447300B251DA /* statedictionary.plist in Resources */ = {isa = PBXBuildFile; fileRef = 019F7EC31667447300B251DA /* statedictionary.plist */; };
		01A6DB9016650EA800AAE2B3 /* BIDDatePickerViewController.m in Sources */ = {isa = PBXBuildFile; fileRef = 01A6DB8E16650EA800AAE2B3 /* BIDDatePickerViewController.m */; };
		01A6DB9116650EA800AAE2B3 /* BIDDatePickerViewController.xib in Resources */ = {isa = PBXBuildFile; fileRef = 01A6DB8F16650EA800AAE2B3 /* BIDDatePickerViewController.xib */; };
		01A6DB9516650ECE00AAE2B3 /* BIDSingleComponentPickerViewController.m in Sources */ = {isa = PBXBuildFile; fileRef = 01A6DB9316650ECE00AAE2B3 /* BIDSingleComponentPickerViewController.m */; };
		01A6DB9616650ECE00AAE2B3 /* BIDSingleComponentPickerViewController.xib in Resources */ = {isa = PBXBuildFile; fileRef = 01A6DB9416650ECE00AAE2B3 /* BIDSingleComponentPickerViewController.xib */; };
		01A6DB9A16650EF300AAE2B3 /* BIDDoubleComponentPickerViewController.m in Sources */ = {isa = PBXBuildFile; fileRef = 01A6DB9816650EF300AAE2B3 /* BIDDoubleComponentPickerViewController.m */; };
		01A6DB9B16650EF300AAE2B3 /* BIDDoubleComponentPickerViewController.xib in Resources */ = {isa = PBXBuildFile; fileRef = 01A6DB9916650EF300AAE2B3 /* BIDDoubleComponentPickerViewController.xib */; };
		01A6DB9F16650F1600AAE2B3 /* BIDDependentComponentPickerViewController.m in Sources */ = {isa = PBXBuildFile; fileRef = 01A6DB9D16650F1600AAE2B3 /* BIDDependentComponentPickerViewController.m */; };
		01A6DBA016650F1600AAE2B3 /* BIDDependentComponentPickerViewController.xib in Resources */ = {isa = PBXBuildFile; fileRef = 01A6DB9E16650F1600AAE2B3 /* BIDDependentComponentPickerViewController.xib */; };
		01A6DBA416650F3200AAE2B3 /* BIDCustomPickerViewController.m in Sources */ = {isa = PBXBuildFile; fileRef = 01A6DBA216650F3200AAE2B3 /* BIDCustomPickerViewController.m */; };
		01A6DBA516650F3200AAE2B3 /* BIDCustomPickerViewController.xib in Resources */ = {isa = PBXBuildFile; fileRef = 01A6DBA316650F3200AAE2B3 /* BIDCustomPickerViewController.xib */; };
		01A6DBB91665157100AAE2B3 /* apple.png in Resources */ = {isa = PBXBuildFile; fileRef = 01A6DBB31665157100AAE2B3 /* apple.png */; };
		01A6DBBA1665157100AAE2B3 /* bar.png in Resources */ = {isa = PBXBuildFile; fileRef = 01A6DBB41665157100AAE2B3 /* bar.png */; };
		01A6DBBB1665157100AAE2B3 /* cherry.png in Resources */ = {isa = PBXBuildFile; fileRef = 01A6DBB51665157100AAE2B3 /* cherry.png */; };
		01A6DBBC1665157100AAE2B3 /* crown.png in Resources */ = {isa = PBXBuildFile; fileRef = 01A6DBB61665157100AAE2B3 /* crown.png */; };
		01A6DBBD1665157100AAE2B3 /* lemon.png in Resources */ = {isa = PBXBuildFile; fileRef = 01A6DBB71665157100AAE2B3 /* lemon.png */; };
		01A6DBBE1665157100AAE2B3 /* seven.png in Resources */ = {isa = PBXBuildFile; fileRef = 01A6DBB81665157100AAE2B3 /* seven.png */; };
		01A6DBC5166515CC00AAE2B3 /* clockicon.png in Resources */ = {isa = PBXBuildFile; fileRef = 01A6DBC0166515CC00AAE2B3 /* clockicon.png */; };
		01A6DBC6166515CC00AAE2B3 /* dependenticon.png in Resources */ = {isa = PBXBuildFile; fileRef = 01A6DBC1166515CC00AAE2B3 /* dependenticon.png */; };
		01A6DBC7166515CC00AAE2B3 /* doubleicon.png in Resources */ = {isa = PBXBuildFile; fileRef = 01A6DBC2166515CC00AAE2B3 /* doubleicon.png */; };
		01A6DBC8166515CC00AAE2B3 /* singleicon.png in Resources */ = {isa = PBXBuildFile; fileRef = 01A6DBC3166515CC00AAE2B3 /* singleicon.png */; };
		01A6DBC9166515CC00AAE2B3 /* toolicon.png in Resources */ = {isa = PBXBuildFile; fileRef = 01A6DBC4166515CC00AAE2B3 /* toolicon.png */; };
/* End PBXBuildFile section */

/* Begin PBXFileReference section */
		011A295F1664F0DB003D75C0 /* Picker.app */ = {isa = PBXFileReference; explicitFileType = wrapper.application; includeInIndex = 0; path = Picker.app; sourceTree = BUILT_PRODUCTS_DIR; };
		011A29631664F0DB003D75C0 /* UIKit.framework */ = {isa = PBXFileReference; lastKnownFileType = wrapper.framework; name = UIKit.framework; path = System/Library/Frameworks/UIKit.framework; sourceTree = SDKROOT; };
		011A29651664F0DB003D75C0 /* Foundation.framework */ = {isa = PBXFileReference; lastKnownFileType = wrapper.framework; name = Foundation.framework; path = System/Library/Frameworks/Foundation.framework; sourceTree = SDKROOT; };
		011A29671664F0DB003D75C0 /* CoreGraphics.framework */ = {isa = PBXFileReference; lastKnownFileType = wrapper.framework; name = CoreGraphics.framework; path = System/Library/Frameworks/CoreGraphics.framework; sourceTree = SDKROOT; };
		011A296B1664F0DB003D75C0 /* Picker-Info.plist */ = {isa = PBXFileReference; lastKnownFileType = text.plist.xml; path = "Picker-Info.plist"; sourceTree = "<group>"; };
		011A296D1664F0DB003D75C0 /* en */ = {isa = PBXFileReference; lastKnownFileType = text.plist.strings; name = en; path = en.lproj/InfoPlist.strings; sourceTree = "<group>"; };
		011A296F1664F0DB003D75C0 /* main.m */ = {isa = PBXFileReference; lastKnownFileType = sourcecode.c.objc; path = main.m; sourceTree = "<group>"; };
		011A29711664F0DB003D75C0 /* Picker-Prefix.pch */ = {isa = PBXFileReference; lastKnownFileType = sourcecode.c.h; path = "Picker-Prefix.pch"; sourceTree = "<group>"; };
		011A29721664F0DB003D75C0 /* AppDelegate.h */ = {isa = PBXFileReference; lastKnownFileType = sourcecode.c.h; path = AppDelegate.h; sourceTree = "<group>"; };
		011A29731664F0DB003D75C0 /* AppDelegate.m */ = {isa = PBXFileReference; lastKnownFileType = sourcecode.c.objc; path = AppDelegate.m; sourceTree = "<group>"; };
		011A29751664F0DB003D75C0 /* Default.png */ = {isa = PBXFileReference; lastKnownFileType = image.png; path = Default.png; sourceTree = "<group>"; };
		011A29771664F0DB003D75C0 /* Default@2x.png */ = {isa = PBXFileReference; lastKnownFileType = image.png; path = "Default@2x.png"; sourceTree = "<group>"; };
		011A29791664F0DB003D75C0 /* Default-568h@2x.png */ = {isa = PBXFileReference; lastKnownFileType = image.png; path = "Default-568h@2x.png"; sourceTree = "<group>"; };
		011A298F1664F2A8003D75C0 /* TabBarController.xib */ = {isa = PBXFileReference; fileEncoding = 4; lastKnownFileType = file.xib; path = TabBarController.xib; sourceTree = "<group>"; };
		019B323216689F7B00C9B599 /* crunch.wav */ = {isa = PBXFileReference; lastKnownFileType = audio.wav; path = crunch.wav; sourceTree = "<group>"; };
		019B323316689F7B00C9B599 /* win.wav */ = {isa = PBXFileReference; lastKnownFileType = audio.wav; path = win.wav; sourceTree = "<group>"; };
		019B32371668A82500C9B599 /* AudioToolbox.framework */ = {isa = PBXFileReference; lastKnownFileType = wrapper.framework; name = AudioToolbox.framework; path = System/Library/Frameworks/AudioToolbox.framework; sourceTree = SDKROOT; };
		019F7EC31667447300B251DA /* statedictionary.plist */ = {isa = PBXFileReference; fileEncoding = 4; lastKnownFileType = text.plist.xml; path = statedictionary.plist; sourceTree = "<group>"; };
		01A6DB8D16650EA800AAE2B3 /* BIDDatePickerViewController.h */ = {isa = PBXFileReference; fileEncoding = 4; lastKnownFileType = sourcecode.c.h; path = BIDDatePickerViewController.h; sourceTree = "<group>"; };
		01A6DB8E16650EA800AAE2B3 /* BIDDatePickerViewController.m */ = {isa = PBXFileReference; fileEncoding = 4; lastKnownFileType = sourcecode.c.objc; path = BIDDatePickerViewController.m; sourceTree = "<group>"; };
		01A6DB8F16650EA800AAE2B3 /* BIDDatePickerViewController.xib */ = {isa = PBXFileReference; fileEncoding = 4; lastKnownFileType = file.xib; path = BIDDatePickerViewController.xib; sourceTree = "<group>"; };
		01A6DB9216650ECE00AAE2B3 /* BIDSingleComponentPickerViewController.h */ = {isa = PBXFileReference; fileEncoding = 4; lastKnownFileType = sourcecode.c.h; path = BIDSingleComponentPickerViewController.h; sourceTree = "<group>"; };
		01A6DB9316650ECE00AAE2B3 /* BIDSingleComponentPickerViewController.m */ = {isa = PBXFileReference; fileEncoding = 4; lastKnownFileType = sourcecode.c.objc; path = BIDSingleComponentPickerViewController.m; sourceTree = "<group>"; };
		01A6DB9416650ECE00AAE2B3 /* BIDSingleComponentPickerViewController.xib */ = {isa = PBXFileReference; fileEncoding = 4; lastKnownFileType = file.xib; path = BIDSingleComponentPickerViewController.xib; sourceTree = "<group>"; };
		01A6DB9716650EF300AAE2B3 /* BIDDoubleComponentPickerViewController.h */ = {isa = PBXFileReference; fileEncoding = 4; lastKnownFileType = sourcecode.c.h; name = BIDDoubleComponentPickerViewController.h; path = ../BIDDoubleComponentPickerViewController.h; sourceTree = "<group>"; };
		01A6DB9816650EF300AAE2B3 /* BIDDoubleComponentPickerViewController.m */ = {isa = PBXFileReference; fileEncoding = 4; lastKnownFileType = sourcecode.c.objc; name = BIDDoubleComponentPickerViewController.m; path = ../BIDDoubleComponentPickerViewController.m; sourceTree = "<group>"; };
		01A6DB9916650EF300AAE2B3 /* BIDDoubleComponentPickerViewController.xib */ = {isa = PBXFileReference; fileEncoding = 4; lastKnownFileType = file.xib; name = BIDDoubleComponentPickerViewController.xib; path = ../BIDDoubleComponentPickerViewController.xib; sourceTree = "<group>"; };
		01A6DB9C16650F1600AAE2B3 /* BIDDependentComponentPickerViewController.h */ = {isa = PBXFileReference; fileEncoding = 4; lastKnownFileType = sourcecode.c.h; path = BIDDependentComponentPickerViewController.h; sourceTree = "<group>"; };
		01A6DB9D16650F1600AAE2B3 /* BIDDependentComponentPickerViewController.m */ = {isa = PBXFileReference; fileEncoding = 4; lastKnownFileType = sourcecode.c.objc; path = BIDDependentComponentPickerViewController.m; sourceTree = "<group>"; };
		01A6DB9E16650F1600AAE2B3 /* BIDDependentComponentPickerViewController.xib */ = {isa = PBXFileReference; fileEncoding = 4; lastKnownFileType = file.xib; path = BIDDependentComponentPickerViewController.xib; sourceTree = "<group>"; };
		01A6DBA116650F3200AAE2B3 /* BIDCustomPickerViewController.h */ = {isa = PBXFileReference; fileEncoding = 4; lastKnownFileType = sourcecode.c.h; path = BIDCustomPickerViewController.h; sourceTree = "<group>"; };
		01A6DBA216650F3200AAE2B3 /* BIDCustomPickerViewController.m */ = {isa = PBXFileReference; fileEncoding = 4; lastKnownFileType = sourcecode.c.objc; path = BIDCustomPickerViewController.m; sourceTree = "<group>"; };
		01A6DBA316650F3200AAE2B3 /* BIDCustomPickerViewController.xib */ = {isa = PBXFileReference; fileEncoding = 4; lastKnownFileType = file.xib; path = BIDCustomPickerViewController.xib; sourceTree = "<group>"; };
		01A6DBB31665157100AAE2B3 /* apple.png */ = {isa = PBXFileReference; lastKnownFileType = image.png; path = apple.png; sourceTree = "<group>"; };
		01A6DBB41665157100AAE2B3 /* bar.png */ = {isa = PBXFileReference; lastKnownFileType = image.png; path = bar.png; sourceTree = "<group>"; };
		01A6DBB51665157100AAE2B3 /* cherry.png */ = {isa = PBXFileReference; lastKnownFileType = image.png; path = cherry.png; sourceTree = "<group>"; };
		01A6DBB61665157100AAE2B3 /* crown.png */ = {isa = PBXFileReference; lastKnownFileType = image.png; path = crown.png; sourceTree = "<group>"; };
		01A6DBB71665157100AAE2B3 /* lemon.png */ = {isa = PBXFileReference; lastKnownFileType = image.png; path = lemon.png; sourceTree = "<group>"; };
		01A6DBB81665157100AAE2B3 /* seven.png */ = {isa = PBXFileReference; lastKnownFileType = image.png; path = seven.png; sourceTree = "<group>"; };
		01A6DBC0166515CC00AAE2B3 /* clockicon.png */ = {isa = PBXFileReference; lastKnownFileType = image.png; path = clockicon.png; sourceTree = "<group>"; };
		01A6DBC1166515CC00AAE2B3 /* dependenticon.png */ = {isa = PBXFileReference; lastKnownFileType = image.png; path = dependenticon.png; sourceTree = "<group>"; };
		01A6DBC2166515CC00AAE2B3 /* doubleicon.png */ = {isa = PBXFileReference; lastKnownFileType = image.png; path = doubleicon.png; sourceTree = "<group>"; };
		01A6DBC3166515CC00AAE2B3 /* singleicon.png */ = {isa = PBXFileReference; lastKnownFileType = image.png; path = singleicon.png; sourceTree = "<group>"; };
		01A6DBC4166515CC00AAE2B3 /* toolicon.png */ = {isa = PBXFileReference; lastKnownFileType = image.png; path = toolicon.png; sourceTree = "<group>"; };
/* End PBXFileReference section */

/* Begin PBXFrameworksBuildPhase section */
		011A295C1664F0DB003D75C0 /* Frameworks */ = {
			isa = PBXFrameworksBuildPhase;
			buildActionMask = 2147483647;
			files = (
				019B32381668A82500C9B599 /* AudioToolbox.framework in Frameworks */,
				011A29641664F0DB003D75C0 /* UIKit.framework in Frameworks */,
				011A29661664F0DB003D75C0 /* Foundation.framework in Frameworks */,
				011A29681664F0DB003D75C0 /* CoreGraphics.framework in Frameworks */,
			);
			runOnlyForDeploymentPostprocessing = 0;
		};
/* End PBXFrameworksBuildPhase section */

/* Begin PBXGroup section */
		011A29541664F0DB003D75C0 = {
			isa = PBXGroup;
			children = (
				019B32371668A82500C9B599 /* AudioToolbox.framework */,
				011A29691664F0DB003D75C0 /* Picker */,
				011A29621664F0DB003D75C0 /* Frameworks */,
				011A29601664F0DB003D75C0 /* Products */,
			);
			sourceTree = "<group>";
		};
		011A29601664F0DB003D75C0 /* Products */ = {
			isa = PBXGroup;
			children = (
				011A295F1664F0DB003D75C0 /* Picker.app */,
			);
			name = Products;
			sourceTree = "<group>";
		};
		011A29621664F0DB003D75C0 /* Frameworks */ = {
			isa = PBXGroup;
			children = (
				011A29631664F0DB003D75C0 /* UIKit.framework */,
				011A29651664F0DB003D75C0 /* Foundation.framework */,
				011A29671664F0DB003D75C0 /* CoreGraphics.framework */,
			);
			name = Frameworks;
			sourceTree = "<group>";
		};
		011A29691664F0DB003D75C0 /* Picker */ = {
			isa = PBXGroup;
			children = (
				019F7EC31667447300B251DA /* statedictionary.plist */,
				01A6DB9716650EF300AAE2B3 /* BIDDoubleComponentPickerViewController.h */,
				01A6DB9816650EF300AAE2B3 /* BIDDoubleComponentPickerViewController.m */,
				01A6DB9916650EF300AAE2B3 /* BIDDoubleComponentPickerViewController.xib */,
				011A29721664F0DB003D75C0 /* AppDelegate.h */,
				011A29731664F0DB003D75C0 /* AppDelegate.m */,
				011A298F1664F2A8003D75C0 /* TabBarController.xib */,
				011A296A1664F0DB003D75C0 /* Supporting Files */,
				01A6DB8D16650EA800AAE2B3 /* BIDDatePickerViewController.h */,
				01A6DB8E16650EA800AAE2B3 /* BIDDatePickerViewController.m */,
				01A6DB8F16650EA800AAE2B3 /* BIDDatePickerViewController.xib */,
				01A6DBA116650F3200AAE2B3 /* BIDCustomPickerViewController.h */,
				01A6DBA216650F3200AAE2B3 /* BIDCustomPickerViewController.m */,
				01A6DBA316650F3200AAE2B3 /* BIDCustomPickerViewController.xib */,
				01A6DB9216650ECE00AAE2B3 /* BIDSingleComponentPickerViewController.h */,
				01A6DB9316650ECE00AAE2B3 /* BIDSingleComponentPickerViewController.m */,
				01A6DB9416650ECE00AAE2B3 /* BIDSingleComponentPickerViewController.xib */,
				01A6DB9C16650F1600AAE2B3 /* BIDDependentComponentPickerViewController.h */,
				01A6DB9D16650F1600AAE2B3 /* BIDDependentComponentPickerViewController.m */,
				01A6DB9E16650F1600AAE2B3 /* BIDDependentComponentPickerViewController.xib */,
			);
			path = Picker;
			sourceTree = "<group>";
		};
		011A296A1664F0DB003D75C0 /* Supporting Files */ = {
			isa = PBXGroup;
			children = (
				019B323116689F7B00C9B599 /* Custom Picker Sounds */,
				01A6DBBF166515CC00AAE2B3 /* Tab Bar Icons */,
				01A6DBB21665157100AAE2B3 /* Custom Picker Images */,
				011A296B1664F0DB003D75C0 /* Picker-Info.plist */,
				011A296C1664F0DB003D75C0 /* InfoPlist.strings */,
				011A296F1664F0DB003D75C0 /* main.m */,
				011A29711664F0DB003D75C0 /* Picker-Prefix.pch */,
				011A29751664F0DB003D75C0 /* Default.png */,
				011A29771664F0DB003D75C0 /* Default@2x.png */,
				011A29791664F0DB003D75C0 /* Default-568h@2x.png */,
			);
			name = "Supporting Files";
			sourceTree = "<group>";
		};
		019B323116689F7B00C9B599 /* Custom Picker Sounds */ = {
			isa = PBXGroup;
			children = (
				019B323216689F7B00C9B599 /* crunch.wav */,
				019B323316689F7B00C9B599 /* win.wav */,
			);
			path = "Custom Picker Sounds";
			sourceTree = "<group>";
		};
		01A6DBB21665157100AAE2B3 /* Custom Picker Images */ = {
			isa = PBXGroup;
			children = (
				01A6DBB31665157100AAE2B3 /* apple.png */,
				01A6DBB41665157100AAE2B3 /* bar.png */,
				01A6DBB51665157100AAE2B3 /* cherry.png */,
				01A6DBB61665157100AAE2B3 /* crown.png */,
				01A6DBB71665157100AAE2B3 /* lemon.png */,
				01A6DBB81665157100AAE2B3 /* seven.png */,
			);
			path = "Custom Picker Images";
			sourceTree = "<group>";
		};
		01A6DBBF166515CC00AAE2B3 /* Tab Bar Icons */ = {
			isa = PBXGroup;
			children = (
				01A6DBC0166515CC00AAE2B3 /* clockicon.png */,
				01A6DBC1166515CC00AAE2B3 /* dependenticon.png */,
				01A6DBC2166515CC00AAE2B3 /* doubleicon.png */,
				01A6DBC3166515CC00AAE2B3 /* singleicon.png */,
				01A6DBC4166515CC00AAE2B3 /* toolicon.png */,
			);
			path = "Tab Bar Icons";
			sourceTree = "<group>";
		};
/* End PBXGroup section */

/* Begin PBXNativeTarget section */
		011A295E1664F0DB003D75C0 /* Picker */ = {
			isa = PBXNativeTarget;
			buildConfigurationList = 011A297D1664F0DB003D75C0 /* Build configuration list for PBXNativeTarget "Picker" */;
			buildPhases = (
				011A295B1664F0DB003D75C0 /* Sources */,
				011A295C1664F0DB003D75C0 /* Frameworks */,
				011A295D1664F0DB003D75C0 /* Resources */,
			);
			buildRules = (
			);
			dependencies = (
			);
			name = Picker;
			productName = Picker;
			productReference = 011A295F1664F0DB003D75C0 /* Picker.app */;
			productType = "com.apple.product-type.application";
		};
/* End PBXNativeTarget section */

/* Begin PBXProject section */
		011A29561664F0DB003D75C0 /* Project object */ = {
			isa = PBXProject;
			attributes = {
				LastUpgradeCheck = 0450;
				ORGANIZATIONNAME = "LIU WEI";
			};
			buildConfigurationList = 011A29591664F0DB003D75C0 /* Build configuration list for PBXProject "Picker" */;
			compatibilityVersion = "Xcode 3.2";
			developmentRegion = English;
			hasScannedForEncodings = 0;
			knownRegions = (
				en,
			);
			mainGroup = 011A29541664F0DB003D75C0;
			productRefGroup = 011A29601664F0DB003D75C0 /* Products */;
			projectDirPath = "";
			projectRoot = "";
			targets = (
				011A295E1664F0DB003D75C0 /* Picker */,
			);
		};
/* End PBXProject section */

/* Begin PBXResourcesBuildPhase section */
		011A295D1664F0DB003D75C0 /* Resources */ = {
			isa = PBXResourcesBuildPhase;
			buildActionMask = 2147483647;
			files = (
				011A296E1664F0DB003D75C0 /* InfoPlist.strings in Resources */,
				011A29761664F0DB003D75C0 /* Default.png in Resources */,
				011A29781664F0DB003D75C0 /* Default@2x.png in Resources */,
				011A297A1664F0DB003D75C0 /* Default-568h@2x.png in Resources */,
				011A29901664F2A8003D75C0 /* TabBarController.xib in Resources */,
				01A6DB9116650EA800AAE2B3 /* BIDDatePickerViewController.xib in Resources */,
				01A6DB9616650ECE00AAE2B3 /* BIDSingleComponentPickerViewController.xib in Resources */,
				01A6DB9B16650EF300AAE2B3 /* BIDDoubleComponentPickerViewController.xib in Resources */,
				01A6DBA016650F1600AAE2B3 /* BIDDependentComponentPickerViewController.xib in Resources */,
				01A6DBA516650F3200AAE2B3 /* BIDCustomPickerViewController.xib in Resources */,
				01A6DBB91665157100AAE2B3 /* apple.png in Resources */,
				01A6DBBA1665157100AAE2B3 /* bar.png in Resources */,
				01A6DBBB1665157100AAE2B3 /* cherry.png in Resources */,
				01A6DBBC1665157100AAE2B3 /* crown.png in Resources */,
				01A6DBBD1665157100AAE2B3 /* lemon.png in Resources */,
				01A6DBBE1665157100AAE2B3 /* seven.png in Resources */,
				01A6DBC5166515CC00AAE2B3 /* clockicon.png in Resources */,
				01A6DBC6166515CC00AAE2B3 /* dependenticon.png in Resources */,
				01A6DBC7166515CC00AAE2B3 /* doubleicon.png in Resources */,
				01A6DBC8166515CC00AAE2B3 /* singleicon.png in Resources */,
				01A6DBC9166515CC00AAE2B3 /* toolicon.png in Resources */,
				019F7EC41667447300B251DA /* statedictionary.plist in Resources */,
				019B323416689F7B00C9B599 /* crunch.wav in Resources */,
				019B323516689F7B00C9B599 /* win.wav in Resources */,
			);
			runOnlyForDeploymentPostprocessing = 0;
		};
/* End PBXResourcesBuildPhase section */

/* Begin PBXSourcesBuildPhase section */
		011A295B1664F0DB003D75C0 /* Sources */ = {
			isa = PBXSourcesBuildPhase;
			buildActionMask = 2147483647;
			files = (
				011A29701664F0DB003D75C0 /* main.m in Sources */,
				011A29741664F0DB003D75C0 /* AppDelegate.m in Sources */,
				01A6DB9016650EA800AAE2B3 /* BIDDatePickerViewController.m in Sources */,
				01A6DB9516650ECE00AAE2B3 /* BIDSingleComponentPickerViewController.m in Sources */,
				01A6DB9A16650EF300AAE2B3 /* BIDDoubleComponentPickerViewController.m in Sources */,
				01A6DB9F16650F1600AAE2B3 /* BIDDependentComponentPickerViewController.m in Sources */,
				01A6DBA416650F3200AAE2B3 /* BIDCustomPickerViewController.m in Sources */,
			);
			runOnlyForDeploymentPostprocessing = 0;
		};
/* End PBXSourcesBuildPhase section */

/* Begin PBXVariantGroup section */
		011A296C1664F0DB003D75C0 /* InfoPlist.strings */ = {
			isa = PBXVariantGroup;
			children = (
				011A296D1664F0DB003D75C0 /* en */,
			);
			name = InfoPlist.strings;
			sourceTree = "<group>";
		};
/* End PBXVariantGroup section */

/* Begin XCBuildConfiguration section */
		011A297B1664F0DB003D75C0 /* Debug */ = {
			isa = XCBuildConfiguration;
			buildSettings = {
				ALWAYS_SEARCH_USER_PATHS = NO;
				CLANG_CXX_LANGUAGE_STANDARD = "gnu++0x";
				CLANG_CXX_LIBRARY = "libc++";
				CLANG_WARN_EMPTY_BODY = YES;
				CLANG_WARN__DUPLICATE_METHOD_MATCH = YES;
				"CODE_SIGN_IDENTITY[sdk=iphoneos*]" = "iPhone Developer";
				COPY_PHASE_STRIP = NO;
				GCC_C_LANGUAGE_STANDARD = gnu99;
				GCC_DYNAMIC_NO_PIC = NO;
				GCC_OPTIMIZATION_LEVEL = 0;
				GCC_PREPROCESSOR_DEFINITIONS = (
					"DEBUG=1",
					"$(inherited)",
				);
				GCC_SYMBOLS_PRIVATE_EXTERN = NO;
				GCC_WARN_ABOUT_RETURN_TYPE = YES;
				GCC_WARN_UNINITIALIZED_AUTOS = YES;
				GCC_WARN_UNUSED_VARIABLE = YES;
				IPHONEOS_DEPLOYMENT_TARGET = 6.0;
				ONLY_ACTIVE_ARCH = YES;
				SDKROOT = iphoneos;
			};
			name = Debug;
		};
		011A297C1664F0DB003D75C0 /* Release */ = {
			isa = XCBuildConfiguration;
			buildSettings = {
				ALWAYS_SEARCH_USER_PATHS = NO;
				CLANG_CXX_LANGUAGE_STANDARD = "gnu++0x";
				CLANG_CXX_LIBRARY = "libc++";
				CLANG_WARN_EMPTY_BODY = YES;
				CLANG_WARN__DUPLICATE_METHOD_MATCH = YES;
				"CODE_SIGN_IDENTITY[sdk=iphoneos*]" = "iPhone Developer";
				COPY_PHASE_STRIP = YES;
				GCC_C_LANGUAGE_STANDARD = gnu99;
				GCC_WARN_ABOUT_RETURN_TYPE = YES;
				GCC_WARN_UNINITIALIZED_AUTOS = YES;
				GCC_WARN_UNUSED_VARIABLE = YES;
				IPHONEOS_DEPLOYMENT_TARGET = 6.0;
				OTHER_CFLAGS = "-DNS_BLOCK_ASSERTIONS=1";
				SDKROOT = iphoneos;
				VALIDATE_PRODUCT = YES;
			};
			name = Release;
		};
		011A297E1664F0DB003D75C0 /* Debug */ = {
			isa = XCBuildConfiguration;
			buildSettings = {
				GCC_PRECOMPILE_PREFIX_HEADER = YES;
				GCC_PREFIX_HEADER = "Picker/Picker-Prefix.pch";
				INFOPLIST_FILE = "Picker/Picker-Info.plist";
				PRODUCT_NAME = "$(TARGET_NAME)";
				WRAPPER_EXTENSION = app;
			};
			name = Debug;
		};
		011A297F1664F0DB003D75C0 /* Release */ = {
			isa = XCBuildConfiguration;
			buildSettings = {
				GCC_PRECOMPILE_PREFIX_HEADER = YES;
				GCC_PREFIX_HEADER = "Picker/Picker-Prefix.pch";
				INFOPLIST_FILE = "Picker/Picker-Info.plist";
				PRODUCT_NAME = "$(TARGET_NAME)";
				WRAPPER_EXTENSION = app;
			};
			name = Release;
		};
/* End XCBuildConfiguration section */

/* Begin XCConfigurationList section */
		011A29591664F0DB003D75C0 /* Build configuration list for PBXProject "Picker" */ = {
			isa = XCConfigurationList;
			buildConfigurations = (
				011A297B1664F0DB003D75C0 /* Debug */,
				011A297C1664F0DB003D75C0 /* Release */,
			);
			defaultConfigurationIsVisible = 0;
			defaultConfigurationName = Release;
		};
		011A297D1664F0DB003D75C0 /* Build configuration list for PBXNativeTarget "Picker" */ = {
			isa = XCConfigurationList;
			buildConfigurations = (
				011A297E1664F0DB003D75C0 /* Debug */,
				011A297F1664F0DB003D75C0 /* Release */,
			);
			defaultConfigurationIsVisible = 0;
			defaultConfigurationName = Release;
		};
/* End XCConfigurationList section */
	};
	rootObject = 011A29561664F0DB003D75C0 /* Project object */;
}
